
Microsoft Visual Studio Solution File, Format Version 12.00
# Visual Studio Version 17
VisualStudioVersion = 17.8.34330.188
MinimumVisualStudioVersion = 10.0.40219.1
Project("{FAE04EC0-301F-11D3-BF4B-00C04F79EFBC}") = "ProductImporter", "ProductImporter\ProductImporter.csproj", "{713C39F0-75EE-430A-915D-04243C6AAF7F}"
EndProject
Project("{2150E333-8FDC-42A3-9474-1A3956D46DE8}") = "Solution Items", "Solution Items", "{5AE18D73-6983-4267-88D5-D47DFF53BE89}"
	ProjectSection(SolutionItems) = preProject
		.editorconfig = .editorconfig
	EndProjectSection
EndProject
Global
	GlobalSection(SolutionConfigurationPlatforms) = preSolution
		Debug|Any CPU = Debug|Any CPU
		Release|Any CPU = Release|Any CPU
	EndGlobalSection
	GlobalSection(ProjectConfigurationPlatforms) = postSolution
		{713C39F0-75EE-430A-915D-04243C6AAF7F}.Debug|Any CPU.ActiveCfg = Debug|Any CPU
		{713C39F0-75EE-430A-915D-04243C6AAF7F}.Debug|Any CPU.Build.0 = Debug|Any CPU
		{713C39F0-75EE-430A-915D-04243C6AAF7F}.Release|Any CPU.ActiveCfg = Release|Any CPU
		{713C39F0-75EE-430A-915D-04243C6AAF7F}.Release|Any CPU.Build.0 = Release|Any CPU
	EndGlobalSection
	GlobalSection(SolutionProperties) = preSolution
		HideSolutionNode = FALSE
	EndGlobalSection
	GlobalSection(ExtensibilityGlobals) = postSolution
		SolutionGuid = {FC90F1E5-9582-4398-9D48-B939B2F496FA}
	EndGlobalSection
EndGlobal
